
Microsoft Visual Studio Solution File, Format Version 12.00
# Visual Studio Version 17
VisualStudioVersion = 17.6.33801.468
MinimumVisualStudioVersion = 10.0.40219.1
Project("{9A19103F-16F7-4668-BE54-9A1E7A4F7556}") = "SipayApi.Service", "SipayApi.Service\SipayApi.Service.csproj", "{0249CA0D-EDE1-4EB3-906E-E4D94ED1DD55}"
EndProject
Project("{9A19103F-16F7-4668-BE54-9A1E7A4F7556}") = "SipayApi.Base", "SipayApi.Base\SipayApi.Base.csproj", "{94C43D17-0A7E-4FF9-A449-5ED2D9483ABC}"
EndProject
Project("{9A19103F-16F7-4668-BE54-9A1E7A4F7556}") = "SipayApi.DataAccess", "SipayApi.DataAccess\SipayApi.DataAccess.csproj", "{FDA20C4D-4452-43A1-ACCB-C954AE867854}"
EndProject
Project("{9A19103F-16F7-4668-BE54-9A1E7A4F7556}") = "SipayApi.Schema", "SipayApi.Schema\SipayApi.Schema.csproj", "{283CF7EA-715C-4A35-8B61-DF3E01317010}"
EndProject
Project("{FAE04EC0-301F-11D3-BF4B-00C04F79EFBC}") = "SipayApi.Business", "SipayApi.Business\SipayApi.Business.csproj", "{2AD9C7B8-1E23-4020-AB47-17FE222D5EA1}"
EndProject
Global
	GlobalSection(SolutionConfigurationPlatforms) = preSolution
		Debug|Any CPU = Debug|Any CPU
		Release|Any CPU = Release|Any CPU
	EndGlobalSection
	GlobalSection(ProjectConfigurationPlatforms) = postSolution
		{0249CA0D-EDE1-4EB3-906E-E4D94ED1DD55}.Debug|Any CPU.ActiveCfg = Debug|Any CPU
		{0249CA0D-EDE1-4EB3-906E-E4D94ED1DD55}.Debug|Any CPU.Build.0 = Debug|Any CPU
		{0249CA0D-EDE1-4EB3-906E-E4D94ED1DD55}.Release|Any CPU.ActiveCfg = Release|Any CPU
		{0249CA0D-EDE1-4EB3-906E-E4D94ED1DD55}.Release|Any CPU.Build.0 = Release|Any CPU
		{94C43D17-0A7E-4FF9-A449-5ED2D9483ABC}.Debug|Any CPU.ActiveCfg = Debug|Any CPU
		{94C43D17-0A7E-4FF9-A449-5ED2D9483ABC}.Debug|Any CPU.Build.0 = Debug|Any CPU
		{94C43D17-0A7E-4FF9-A449-5ED2D9483ABC}.Release|Any CPU.ActiveCfg = Release|Any CPU
		{94C43D17-0A7E-4FF9-A449-5ED2D9483ABC}.Release|Any CPU.Build.0 = Release|Any CPU
		{FDA20C4D-4452-43A1-ACCB-C954AE867854}.Debug|Any CPU.ActiveCfg = Debug|Any CPU
		{FDA20C4D-4452-43A1-ACCB-C954AE867854}.Debug|Any CPU.Build.0 = Debug|Any CPU
		{FDA20C4D-4452-43A1-ACCB-C954AE867854}.Release|Any CPU.ActiveCfg = Release|Any CPU
		{FDA20C4D-4452-43A1-ACCB-C954AE867854}.Release|Any CPU.Build.0 = Release|Any CPU
		{283CF7EA-715C-4A35-8B61-DF3E01317010}.Debug|Any CPU.ActiveCfg = Debug|Any CPU
		{283CF7EA-715C-4A35-8B61-DF3E01317010}.Debug|Any CPU.Build.0 = Debug|Any CPU
		{283CF7EA-715C-4A35-8B61-DF3E01317010}.Release|Any CPU.ActiveCfg = Release|Any CPU
		{283CF7EA-715C-4A35-8B61-DF3E01317010}.Release|Any CPU.Build.0 = Release|Any CPU
		{2AD9C7B8-1E23-4020-AB47-17FE222D5EA1}.Debug|Any CPU.ActiveCfg = Debug|Any CPU
		{2AD9C7B8-1E23-4020-AB47-17FE222D5EA1}.Debug|Any CPU.Build.0 = Debug|Any CPU
		{2AD9C7B8-1E23-4020-AB47-17FE222D5EA1}.Release|Any CPU.ActiveCfg = Release|Any CPU
		{2AD9C7B8-1E23-4020-AB47-17FE222D5EA1}.Release|Any CPU.Build.0 = Release|Any CPU
	EndGlobalSection
	GlobalSection(SolutionProperties) = preSolution
		HideSolutionNode = FALSE
	EndGlobalSection
	GlobalSection(ExtensibilityGlobals) = postSolution
		SolutionGuid = {1F3B59CF-7352-456B-A255-E1D1CD8ED9FF}
	EndGlobalSection
EndGlobal
